// !$*UTF8*$!
{
	archiveVersion = 1;
	classes = {
	};
	objectVersion = 77;
	objects = {

/* Begin PBXContainerItemProxy section */
		F268A1952E4F71FF004D9EC1 /* PBXContainerItemProxy */ = {
			isa = PBXContainerItemProxy;
			containerPortal = F268A17E2E4F71FE004D9EC1 /* Project object */;
			proxyType = 1;
			remoteGlobalIDString = F268A1852E4F71FE004D9EC1;
			remoteInfo = BetterReminders;
		};
		F268A19F2E4F71FF004D9EC1 /* PBXContainerItemProxy */ = {
			isa = PBXContainerItemProxy;
			containerPortal = F268A17E2E4F71FE004D9EC1 /* Project object */;
			proxyType = 1;
			remoteGlobalIDString = F268A1852E4F71FE004D9EC1;
			remoteInfo = BetterReminders;
		};
/* End PBXContainerItemProxy section */

/* Begin PBXFileReference section */
		F268A1862E4F71FE004D9EC1 /* BetterReminders.app */ = {isa = PBXFileReference; explicitFileType = wrapper.application; includeInIndex = 0; path = BetterReminders.app; sourceTree = BUILT_PRODUCTS_DIR; };
		F268A1942E4F71FF004D9EC1 /* BetterRemindersTests.xctest */ = {isa = PBXFileReference; explicitFileType = wrapper.cfbundle; includeInIndex = 0; path = BetterRemindersTests.xctest; sourceTree = BUILT_PRODUCTS_DIR; };
		F268A19E2E4F71FF004D9EC1 /* BetterRemindersUITests.xctest */ = {isa = PBXFileReference; explicitFileType = wrapper.cfbundle; includeInIndex = 0; path = BetterRemindersUITests.xctest; sourceTree = BUILT_PRODUCTS_DIR; };
/* End PBXFileReference section */

/* Begin PBXFileSystemSynchronizedRootGroup section */
		F268A1882E4F71FE004D9EC1 /* BetterReminders */ = {
			isa = PBXFileSystemSynchronizedRootGroup;
			path = BetterReminders;
			sourceTree = "<group>";
		};
		F268A1972E4F71FF004D9EC1 /* BetterRemindersTests */ = {
			isa = PBXFileSystemSynchronizedRootGroup;
			path = BetterRemindersTests;
			sourceTree = "<group>";
		};
		F268A1A12E4F71FF004D9EC1 /* BetterRemindersUITests */ = {
			isa = PBXFileSystemSynchronizedRootGroup;
			path = BetterRemindersUITests;
			sourceTree = "<group>";
		};
/* End PBXFileSystemSynchronizedRootGroup section */

/* Begin PBXFrameworksBuildPhase section */
		F268A1832E4F71FE004D9EC1 /* Frameworks */ = {
			isa = PBXFrameworksBuildPhase;
			buildActionMask = 2147483647;
			files = (
			);
			runOnlyForDeploymentPostprocessing = 0;
		};
		F268A1912E4F71FF004D9EC1 /* Frameworks */ = {
			isa = PBXFrameworksBuildPhase;
			buildActionMask = 2147483647;
			files = (
			);
			runOnlyForDeploymentPostprocessing = 0;
		};
		F268A19B2E4F71FF004D9EC1 /* Frameworks */ = {
			isa = PBXFrameworksBuildPhase;
			buildActionMask = 2147483647;
			files = (
			);
			runOnlyForDeploymentPostprocessing = 0;
		};
/* End PBXFrameworksBuildPhase section */

/* Begin PBXGroup section */
		F268A17D2E4F71FE004D9EC1 = {
			isa = PBXGroup;
			children = (
				F268A1882E4F71FE004D9EC1 /* BetterReminders */,
				F268A1972E4F71FF004D9EC1 /* BetterRemindersTests */,
				F268A1A12E4F71FF004D9EC1 /* BetterRemindersUITests */,
				F268A1872E4F71FE004D9EC1 /* Products */,
			);
			sourceTree = "<group>";
		};
		F268A1872E4F71FE004D9EC1 /* Products */ = {
			isa = PBXGroup;
			children = (
				F268A1862E4F71FE004D9EC1 /* BetterReminders.app */,
				F268A1942E4F71FF004D9EC1 /* BetterRemindersTests.xctest */,
				F268A19E2E4F71FF004D9EC1 /* BetterRemindersUITests.xctest */,
			);
			name = Products;
			sourceTree = "<group>";
		};
/* End PBXGroup section */

/* Begin PBXNativeTarget section */
		F268A1852E4F71FE004D9EC1 /* BetterReminders */ = {
			isa = PBXNativeTarget;
			buildConfigurationList = F268A1A82E4F71FF004D9EC1 /* Build configuration list for PBXNativeTarget "BetterReminders" */;
			buildPhases = (
				F268A1822E4F71FE004D9EC1 /* Sources */,
				F268A1832E4F71FE004D9EC1 /* Frameworks */,
				F268A1842E4F71FE004D9EC1 /* Resources */,
			);
			buildRules = (
			);
			dependencies = (
			);
			fileSystemSynchronizedGroups = (
				F268A1882E4F71FE004D9EC1 /* BetterReminders */,
			);
			name = BetterReminders;
			packageProductDependencies = (
			);
			productName = BetterReminders;
			productReference = F268A1862E4F71FE004D9EC1 /* BetterReminders.app */;
			productType = "com.apple.product-type.application";
		};
		F268A1932E4F71FF004D9EC1 /* BetterRemindersTests */ = {
			isa = PBXNativeTarget;
			buildConfigurationList = F268A1AB2E4F71FF004D9EC1 /* Build configuration list for PBXNativeTarget "BetterRemindersTests" */;
			buildPhases = (
				F268A1902E4F71FF004D9EC1 /* Sources */,
				F268A1912E4F71FF004D9EC1 /* Frameworks */,
				F268A1922E4F71FF004D9EC1 /* Resources */,
			);
			buildRules = (
			);
			dependencies = (
				F268A1962E4F71FF004D9EC1 /* PBXTargetDependency */,
			);
			fileSystemSynchronizedGroups = (
				F268A1972E4F71FF004D9EC1 /* BetterRemindersTests */,
			);
			name = BetterRemindersTests;
			packageProductDependencies = (
			);
			productName = BetterRemindersTests;
			productReference = F268A1942E4F71FF004D9EC1 /* BetterRemindersTests.xctest */;
			productType = "com.apple.product-type.bundle.unit-test";
		};
		F268A19D2E4F71FF004D9EC1 /* BetterRemindersUITests */ = {
			isa = PBXNativeTarget;
			buildConfigurationList = F268A1AE2E4F71FF004D9EC1 /* Build configuration list for PBXNativeTarget "BetterRemindersUITests" */;
			buildPhases = (
				F268A19A2E4F71FF004D9EC1 /* Sources */,
				F268A19B2E4F71FF004D9EC1 /* Frameworks */,
				F268A19C2E4F71FF004D9EC1 /* Resources */,
			);
			buildRules = (
			);
			dependencies = (
				F268A1A02E4F71FF004D9EC1 /* PBXTargetDependency */,
			);
			fileSystemSynchronizedGroups = (
				F268A1A12E4F71FF004D9EC1 /* BetterRemindersUITests */,
			);
			name = BetterRemindersUITests;
			packageProductDependencies = (
			);
			productName = BetterRemindersUITests;
			productReference = F268A19E2E4F71FF004D9EC1 /* BetterRemindersUITests.xctest */;
			productType = "com.apple.product-type.bundle.ui-testing";
		};
/* End PBXNativeTarget section */

/* Begin PBXProject section */
		F268A17E2E4F71FE004D9EC1 /* Project object */ = {
			isa = PBXProject;
			attributes = {
				BuildIndependentTargetsInParallel = 1;
				LastSwiftUpdateCheck = 1640;
				LastUpgradeCheck = 1640;
				TargetAttributes = {
					F268A1852E4F71FE004D9EC1 = {
						CreatedOnToolsVersion = 16.4;
					};
					F268A1932E4F71FF004D9EC1 = {
						CreatedOnToolsVersion = 16.4;
						TestTargetID = F268A1852E4F71FE004D9EC1;
					};
					F268A19D2E4F71FF004D9EC1 = {
						CreatedOnToolsVersion = 16.4;
						TestTargetID = F268A1852E4F71FE004D9EC1;
					};
				};
			};
			buildConfigurationList = F268A1812E4F71FE004D9EC1 /* Build configuration list for PBXProject "BetterReminders" */;
			developmentRegion = en;
			hasScannedForEncodings = 0;
			knownRegions = (
				en,
				Base,
			);
			mainGroup = F268A17D2E4F71FE004D9EC1;
			minimizedProjectReferenceProxies = 1;
			preferredProjectObjectVersion = 77;
			productRefGroup = F268A1872E4F71FE004D9EC1 /* Products */;
			projectDirPath = "";
			projectRoot = "";
			targets = (
				F268A1852E4F71FE004D9EC1 /* BetterReminders */,
				F268A1932E4F71FF004D9EC1 /* BetterRemindersTests */,
				F268A19D2E4F71FF004D9EC1 /* BetterRemindersUITests */,
			);
		};
/* End PBXProject section */

/* Begin PBXResourcesBuildPhase section */
		F268A1842E4F71FE004D9EC1 /* Resources */ = {
			isa = PBXResourcesBuildPhase;
			buildActionMask = 2147483647;
			files = (
			);
			runOnlyForDeploymentPostprocessing = 0;
		};
		F268A1922E4F71FF004D9EC1 /* Resources */ = {
			isa = PBXResourcesBuildPhase;
			buildActionMask = 2147483647;
			files = (
			);
			runOnlyForDeploymentPostprocessing = 0;
		};
		F268A19C2E4F71FF004D9EC1 /* Resources */ = {
			isa = PBXResourcesBuildPhase;
			buildActionMask = 2147483647;
			files = (
			);
			runOnlyForDeploymentPostprocessing = 0;
		};
/* End PBXResourcesBuildPhase section */

/* Begin PBXSourcesBuildPhase section */
		F268A1822E4F71FE004D9EC1 /* Sources */ = {
			isa = PBXSourcesBuildPhase;
			buildActionMask = 2147483647;
			files = (
			);
			runOnlyForDeploymentPostprocessing = 0;
		};
		F268A1902E4F71FF004D9EC1 /* Sources */ = {
			isa = PBXSourcesBuildPhase;
			buildActionMask = 2147483647;
			files = (
			);
			runOnlyForDeploymentPostprocessing = 0;
		};
		F268A19A2E4F71FF004D9EC1 /* Sources */ = {
			isa = PBXSourcesBuildPhase;
			buildActionMask = 2147483647;
			files = (
			);
			runOnlyForDeploymentPostprocessing = 0;
		};
/* End PBXSourcesBuildPhase section */

/* Begin PBXTargetDependency section */
		F268A1962E4F71FF004D9EC1 /* PBXTargetDependency */ = {
			isa = PBXTargetDependency;
			target = F268A1852E4F71FE004D9EC1 /* BetterReminders */;
			targetProxy = F268A1952E4F71FF004D9EC1 /* PBXContainerItemProxy */;
		};
		F268A1A02E4F71FF004D9EC1 /* PBXTargetDependency */ = {
			isa = PBXTargetDependency;
			target = F268A1852E4F71FE004D9EC1 /* BetterReminders */;
			targetProxy = F268A19F2E4F71FF004D9EC1 /* PBXContainerItemProxy */;
		};
/* End PBXTargetDependency section */

/* Begin XCBuildConfiguration section */
		F268A1A62E4F71FF004D9EC1 /* Debug */ = {
			isa = XCBuildConfiguration;
			buildSettings = {
				ALWAYS_SEARCH_USER_PATHS = NO;
				ASSETCATALOG_COMPILER_GENERATE_SWIFT_ASSET_SYMBOL_EXTENSIONS = YES;
				CLANG_ANALYZER_NONNULL = YES;
				CLANG_ANALYZER_NUMBER_OBJECT_CONVERSION = YES_AGGRESSIVE;
				CLANG_CXX_LANGUAGE_STANDARD = "gnu++20";
				CLANG_ENABLE_MODULES = YES;
				CLANG_ENABLE_OBJC_ARC = YES;
				CLANG_ENABLE_OBJC_WEAK = YES;
				CLANG_WARN_BLOCK_CAPTURE_AUTORELEASING = YES;
				CLANG_WARN_BOOL_CONVERSION = YES;
				CLANG_WARN_COMMA = YES;
				CLANG_WARN_CONSTANT_CONVERSION = YES;
				CLANG_WARN_DEPRECATED_OBJC_IMPLEMENTATIONS = YES;
				CLANG_WARN_DIRECT_OBJC_ISA_USAGE = YES_ERROR;
				CLANG_WARN_DOCUMENTATION_COMMENTS = YES;
				CLANG_WARN_EMPTY_BODY = YES;
				CLANG_WARN_ENUM_CONVERSION = YES;
				CLANG_WARN_INFINITE_RECURSION = YES;
				CLANG_WARN_INT_CONVERSION = YES;
				CLANG_WARN_NON_LITERAL_NULL_CONVERSION = YES;
				CLANG_WARN_OBJC_IMPLICIT_RETAIN_SELF = YES;
				CLANG_WARN_OBJC_LITERAL_CONVERSION = YES;
				CLANG_WARN_OBJC_ROOT_CLASS = YES_ERROR;
				CLANG_WARN_QUOTED_INCLUDE_IN_FRAMEWORK_HEADER = YES;
				CLANG_WARN_RANGE_LOOP_ANALYSIS = YES;
				CLANG_WARN_STRICT_PROTOTYPES = YES;
				CLANG_WARN_SUSPICIOUS_MOVE = YES;
				CLANG_WARN_UNGUARDED_AVAILABILITY = YES_AGGRESSIVE;
				CLANG_WARN_UNREACHABLE_CODE = YES;
				CLANG_WARN__DUPLICATE_METHOD_MATCH = YES;
				COPY_PHASE_STRIP = NO;
				DEBUG_INFORMATION_FORMAT = dwarf;
				DEVELOPMENT_TEAM = T4L38XDGD2;
				ENABLE_STRICT_OBJC_MSGSEND = YES;
				ENABLE_TESTABILITY = YES;
				ENABLE_USER_SCRIPT_SANDBOXING = YES;
				GCC_C_LANGUAGE_STANDARD = gnu17;
				GCC_DYNAMIC_NO_PIC = NO;
				GCC_NO_COMMON_BLOCKS = YES;
				GCC_OPTIMIZATION_LEVEL = 0;
				GCC_PREPROCESSOR_DEFINITIONS = (
					"DEBUG=1",
					"$(inherited)",
				);
				GCC_WARN_64_TO_32_BIT_CONVERSION = YES;
				GCC_WARN_ABOUT_RETURN_TYPE = YES_ERROR;
				GCC_WARN_UNDECLARED_SELECTOR = YES;
				GCC_WARN_UNINITIALIZED_AUTOS = YES_AGGRESSIVE;
				GCC_WARN_UNUSED_FUNCTION = YES;
				GCC_WARN_UNUSED_VARIABLE = YES;
				LOCALIZATION_PREFERS_STRING_CATALOGS = YES;
				MACOSX_DEPLOYMENT_TARGET = 15.5;
				MTL_ENABLE_DEBUG_INFO = INCLUDE_SOURCE;
				MTL_FAST_MATH = YES;
				ONLY_ACTIVE_ARCH = YES;
				SDKROOT = macosx;
				SWIFT_ACTIVE_COMPILATION_CONDITIONS = "DEBUG $(inherited)";
				SWIFT_OPTIMIZATION_LEVEL = "-Onone";
			};
			name = Debug;
		};
		F268A1A72E4F71FF004D9EC1 /* Release */ = {
			isa = XCBuildConfiguration;
			buildSettings = {
				ALWAYS_SEARCH_USER_PATHS = NO;
				ASSETCATALOG_COMPILER_GENERATE_SWIFT_ASSET_SYMBOL_EXTENSIONS = YES;
				CLANG_ANALYZER_NONNULL = YES;
				CLANG_ANALYZER_NUMBER_OBJECT_CONVERSION = YES_AGGRESSIVE;
				CLANG_CXX_LANGUAGE_STANDARD = "gnu++20";
				CLANG_ENABLE_MODULES = YES;
				CLANG_ENABLE_OBJC_ARC = YES;
				CLANG_ENABLE_OBJC_WEAK = YES;
				CLANG_WARN_BLOCK_CAPTURE_AUTORELEASING = YES;
				CLANG_WARN_BOOL_CONVERSION = YES;
				CLANG_WARN_COMMA = YES;
				CLANG_WARN_CONSTANT_CONVERSION = YES;
				CLANG_WARN_DEPRECATED_OBJC_IMPLEMENTATIONS = YES;
				CLANG_WARN_DIRECT_OBJC_ISA_USAGE = YES_ERROR;
				CLANG_WARN_DOCUMENTATION_COMMENTS = YES;
				CLANG_WARN_EMPTY_BODY = YES;
				CLANG_WARN_ENUM_CONVERSION = YES;
				CLANG_WARN_INFINITE_RECURSION = YES;
				CLANG_WARN_INT_CONVERSION = YES;
				CLANG_WARN_NON_LITERAL_NULL_CONVERSION = YES;
				CLANG_WARN_OBJC_IMPLICIT_RETAIN_SELF = YES;
				CLANG_WARN_OBJC_LITERAL_CONVERSION = YES;
				CLANG_WARN_OBJC_ROOT_CLASS = YES_ERROR;
				CLANG_WARN_QUOTED_INCLUDE_IN_FRAMEWORK_HEADER = YES;
				CLANG_WARN_RANGE_LOOP_ANALYSIS = YES;
				CLANG_WARN_STRICT_PROTOTYPES = YES;
				CLANG_WARN_SUSPICIOUS_MOVE = YES;
				CLANG_WARN_UNGUARDED_AVAILABILITY = YES_AGGRESSIVE;
				CLANG_WARN_UNREACHABLE_CODE = YES;
				CLANG_WARN__DUPLICATE_METHOD_MATCH = YES;
				COPY_PHASE_STRIP = NO;
				DEBUG_INFORMATION_FORMAT = "dwarf-with-dsym";
				DEVELOPMENT_TEAM = T4L38XDGD2;
				ENABLE_NS_ASSERTIONS = NO;
				ENABLE_STRICT_OBJC_MSGSEND = YES;
				ENABLE_USER_SCRIPT_SANDBOXING = YES;
				GCC_C_LANGUAGE_STANDARD = gnu17;
				GCC_NO_COMMON_BLOCKS = YES;
				GCC_WARN_64_TO_32_BIT_CONVERSION = YES;
				GCC_WARN_ABOUT_RETURN_TYPE = YES_ERROR;
				GCC_WARN_UNDECLARED_SELECTOR = YES;
				GCC_WARN_UNINITIALIZED_AUTOS = YES_AGGRESSIVE;
				GCC_WARN_UNUSED_FUNCTION = YES;
				GCC_WARN_UNUSED_VARIABLE = YES;
				LOCALIZATION_PREFERS_STRING_CATALOGS = YES;
				MACOSX_DEPLOYMENT_TARGET = 15.5;
				MTL_ENABLE_DEBUG_INFO = NO;
				MTL_FAST_MATH = YES;
				SDKROOT = macosx;
				SWIFT_COMPILATION_MODE = wholemodule;
			};
			name = Release;
		};
		F268A1A92E4F71FF004D9EC1 /* Debug */ = {
			isa = XCBuildConfiguration;
			buildSettings = {
				ASSETCATALOG_COMPILER_APPICON_NAME = AppIcon;
				ASSETCATALOG_COMPILER_GLOBAL_ACCENT_COLOR_NAME = AccentColor;
				CODE_SIGN_ENTITLEMENTS = BetterReminders/BetterReminders.entitlements;
				"CODE_SIGN_IDENTITY[sdk=macosx*]" = "-";
				CODE_SIGN_STYLE = Automatic;
				COMBINE_HIDPI_IMAGES = YES;
				CURRENT_PROJECT_VERSION = 1;
				DEVELOPMENT_TEAM = T4L38XDGD2;
				ENABLE_HARDENED_RUNTIME = YES;
				ENABLE_PREVIEWS = YES;
				GENERATE_INFOPLIST_FILE = YES;
				INFOPLIST_KEY_LSUIElement = YES;
				INFOPLIST_KEY_NSHumanReadableCopyright = "";
				LD_RUNPATH_SEARCH_PATHS = (
					"$(inherited)",
					"@executable_path/../Frameworks",
				);
				MARKETING_VERSION = 1.0;
				PRODUCT_BUNDLE_IDENTIFIER = BR.BetterReminders;
				PRODUCT_NAME = "$(TARGET_NAME)";
				REGISTER_APP_GROUPS = YES;
				SWIFT_EMIT_LOC_STRINGS = YES;
				SWIFT_VERSION = 5.0;
			};
			name = Debug;
		};
		F268A1AA2E4F71FF004D9EC1 /* Release */ = {
			isa = XCBuildConfiguration;
			buildSettings = {
				ASSETCATALOG_COMPILER_APPICON_NAME = AppIcon;
				ASSETCATALOG_COMPILER_GLOBAL_ACCENT_COLOR_NAME = AccentColor;
				CODE_SIGN_ENTITLEMENTS = BetterReminders/BetterReminders.entitlements;
				"CODE_SIGN_IDENTITY[sdk=macosx*]" = "-";
				CODE_SIGN_STYLE = Automatic;
				COMBINE_HIDPI_IMAGES = YES;
				CURRENT_PROJECT_VERSION = 1;
				DEVELOPMENT_TEAM = T4L38XDGD2;
				ENABLE_HARDENED_RUNTIME = YES;
				ENABLE_PREVIEWS = YES;
				GENERATE_INFOPLIST_FILE = YES;
				INFOPLIST_KEY_LSUIElement = YES;
				INFOPLIST_KEY_NSHumanReadableCopyright = "";
				LD_RUNPATH_SEARCH_PATHS = (
					"$(inherited)",
					"@executable_path/../Frameworks",
				);
				MARKETING_VERSION = 1.0;
				PRODUCT_BUNDLE_IDENTIFIER = BR.BetterReminders;
				PRODUCT_NAME = "$(TARGET_NAME)";
				REGISTER_APP_GROUPS = YES;
				SWIFT_EMIT_LOC_STRINGS = YES;
				SWIFT_VERSION = 5.0;
			};
			name = Release;
		};
		F268A1AC2E4F71FF004D9EC1 /* Debug */ = {
			isa = XCBuildConfiguration;
			buildSettings = {
				BUNDLE_LOADER = "$(TEST_HOST)";
				CODE_SIGN_STYLE = Automatic;
				CURRENT_PROJECT_VERSION = 1;
				DEVELOPMENT_TEAM = T4L38XDGD2;
				GENERATE_INFOPLIST_FILE = YES;
				MACOSX_DEPLOYMENT_TARGET = 15.5;
				MARKETING_VERSION = 1.0;
				PRODUCT_BUNDLE_IDENTIFIER = BR.BetterRemindersTests;
				PRODUCT_NAME = "$(TARGET_NAME)";
				SWIFT_EMIT_LOC_STRINGS = NO;
				SWIFT_VERSION = 5.0;
				TEST_HOST = "$(BUILT_PRODUCTS_DIR)/BetterReminders.app/$(BUNDLE_EXECUTABLE_FOLDER_PATH)/BetterReminders";
			};
			name = Debug;
		};
		F268A1AD2E4F71FF004D9EC1 /* Release */ = {
			isa = XCBuildConfiguration;
			buildSettings = {
				BUNDLE_LOADER = "$(TEST_HOST)";
				CODE_SIGN_STYLE = Automatic;
				CURRENT_PROJECT_VERSION = 1;
				DEVELOPMENT_TEAM = T4L38XDGD2;
				GENERATE_INFOPLIST_FILE = YES;
				MACOSX_DEPLOYMENT_TARGET = 15.5;
				MARKETING_VERSION = 1.0;
				PRODUCT_BUNDLE_IDENTIFIER = BR.BetterRemindersTests;
				PRODUCT_NAME = "$(TARGET_NAME)";
				SWIFT_EMIT_LOC_STRINGS = NO;
				SWIFT_VERSION = 5.0;
				TEST_HOST = "$(BUILT_PRODUCTS_DIR)/BetterReminders.app/$(BUNDLE_EXECUTABLE_FOLDER_PATH)/BetterReminders";
			};
			name = Release;
		};
		F268A1AF2E4F71FF004D9EC1 /* Debug */ = {
			isa = XCBuildConfiguration;
			buildSettings = {
				CODE_SIGN_STYLE = Automatic;
				CURRENT_PROJECT_VERSION = 1;
				DEVELOPMENT_TEAM = T4L38XDGD2;
				GENERATE_INFOPLIST_FILE = YES;
				MARKETING_VERSION = 1.0;
				PRODUCT_BUNDLE_IDENTIFIER = BR.BetterRemindersUITests;
				PRODUCT_NAME = "$(TARGET_NAME)";
				SWIFT_EMIT_LOC_STRINGS = NO;
				SWIFT_VERSION = 5.0;
				TEST_TARGET_NAME = BetterReminders;
			};
			name = Debug;
		};
		F268A1B02E4F71FF004D9EC1 /* Release */ = {
			isa = XCBuildConfiguration;
			buildSettings = {
				CODE_SIGN_STYLE = Automatic;
				CURRENT_PROJECT_VERSION = 1;
				DEVELOPMENT_TEAM = T4L38XDGD2;
				GENERATE_INFOPLIST_FILE = YES;
				MARKETING_VERSION = 1.0;
				PRODUCT_BUNDLE_IDENTIFIER = BR.BetterRemindersUITests;
				PRODUCT_NAME = "$(TARGET_NAME)";
				SWIFT_EMIT_LOC_STRINGS = NO;
				SWIFT_VERSION = 5.0;
				TEST_TARGET_NAME = BetterReminders;
			};
			name = Release;
		};
/* End XCBuildConfiguration section */

/* Begin XCConfigurationList section */
		F268A1812E4F71FE004D9EC1 /* Build configuration list for PBXProject "BetterReminders" */ = {
			isa = XCConfigurationList;
			buildConfigurations = (
				F268A1A62E4F71FF004D9EC1 /* Debug */,
				F268A1A72E4F71FF004D9EC1 /* Release */,
			);
			defaultConfigurationIsVisible = 0;
			defaultConfigurationName = Release;
		};
		F268A1A82E4F71FF004D9EC1 /* Build configuration list for PBXNativeTarget "BetterReminders" */ = {
			isa = XCConfigurationList;
			buildConfigurations = (
				F268A1A92E4F71FF004D9EC1 /* Debug */,
				F268A1AA2E4F71FF004D9EC1 /* Release */,
			);
			defaultConfigurationIsVisible = 0;
			defaultConfigurationName = Release;
		};
		F268A1AB2E4F71FF004D9EC1 /* Build configuration list for PBXNativeTarget "BetterRemindersTests" */ = {
			isa = XCConfigurationList;
			buildConfigurations = (
				F268A1AC2E4F71FF004D9EC1 /* Debug */,
				F268A1AD2E4F71FF004D9EC1 /* Release */,
			);
			defaultConfigurationIsVisible = 0;
			defaultConfigurationName = Release;
		};
		F268A1AE2E4F71FF004D9EC1 /* Build configuration list for PBXNativeTarget "BetterRemindersUITests" */ = {
			isa = XCConfigurationList;
			buildConfigurations = (
				F268A1AF2E4F71FF004D9EC1 /* Debug */,
				F268A1B02E4F71FF004D9EC1 /* Release */,
			);
			defaultConfigurationIsVisible = 0;
			defaultConfigurationName = Release;
		};
/* End XCConfigurationList section */
	};
	rootObject = F268A17E2E4F71FE004D9EC1 /* Project object */;
}
